
Microsoft Visual Studio Solution File, Format Version 12.00
# Visual Studio 2012
Project("{FAE04EC0-301F-11D3-BF4B-00C04F79EFBC}") = "ZAJCZN.MIS.Manager", "ZAJCZN.MIS.Manager\ZAJCZN.MIS.Manager.csproj", "{3C3B102F-3680-48C3-AF83-503012584747}"
EndProject
Project("{FAE04EC0-301F-11D3-BF4B-00C04F79EFBC}") = "ZAJCZN.MIS.Domain", "ZAJCZN.MIS.Domain\ZAJCZN.MIS.Domain.csproj", "{824B2A24-FA56-4281-877F-1D6B921F8F22}"
EndProject
Project("{FAE04EC0-301F-11D3-BF4B-00C04F79EFBC}") = "ZAJCZN.MIS.Service", "ZAJCZN.MIS.Service\ZAJCZN.MIS.Service.csproj", "{A8837FA6-E2E5-471A-804D-50C4F7C38D70}"
EndProject
Project("{FAE04EC0-301F-11D3-BF4B-00C04F79EFBC}") = "ZAJCZN.MIS.Component", "ZAJCZN.MIS.Component\ZAJCZN.MIS.Component.csproj", "{A5FB8CAC-3102-4968-A6B5-4908FBFCE3A1}"
EndProject
Project("{FAE04EC0-301F-11D3-BF4B-00C04F79EFBC}") = "ZAJCZN.MIS.Comm", "ZAJCZN.MIS.Comm\ZAJCZN.MIS.Comm.csproj", "{ED1B98C6-98AE-4F06-8810-A358DC4FAC74}"
EndProject
Project("{FAE04EC0-301F-11D3-BF4B-00C04F79EFBC}") = "ZAJCZN.MIS.Core", "ZAJCZN.MIS.Core\ZAJCZN.MIS.Core.csproj", "{A8832831-5A05-42E7-8543-2DE5BB4A17A6}"
EndProject
Project("{FAE04EC0-301F-11D3-BF4B-00C04F79EFBC}") = "ZAJCZN.MIS.Web", "ZAJCZN.MIS.Web\ZAJCZN.MIS.Web.csproj", "{D0C630B0-C530-4ED2-82C0-2D4CE0F30426}"
	ProjectSection(ProjectDependencies) = postProject
		{A8837FA6-E2E5-471A-804D-50C4F7C38D70} = {A8837FA6-E2E5-471A-804D-50C4F7C38D70}
		{A5FB8CAC-3102-4968-A6B5-4908FBFCE3A1} = {A5FB8CAC-3102-4968-A6B5-4908FBFCE3A1}
	EndProjectSection
EndProject
Project("{FAE04EC0-301F-11D3-BF4B-00C04F79EFBC}") = "ZAJCZN.MIS.Helper", "ZAJCZN.MIS.Helpers\ZAJCZN.MIS.Helper.csproj", "{277DA573-F390-4C27-A07E-7432C112C54E}"
EndProject
Global
	GlobalSection(SolutionConfigurationPlatforms) = preSolution
		Debug|Any CPU = Debug|Any CPU
		Release|Any CPU = Release|Any CPU
	EndGlobalSection
	GlobalSection(ProjectConfigurationPlatforms) = postSolution
		{3C3B102F-3680-48C3-AF83-503012584747}.Debug|Any CPU.ActiveCfg = Debug|Any CPU
		{3C3B102F-3680-48C3-AF83-503012584747}.Debug|Any CPU.Build.0 = Debug|Any CPU
		{3C3B102F-3680-48C3-AF83-503012584747}.Release|Any CPU.ActiveCfg = Release|Any CPU
		{3C3B102F-3680-48C3-AF83-503012584747}.Release|Any CPU.Build.0 = Release|Any CPU
		{824B2A24-FA56-4281-877F-1D6B921F8F22}.Debug|Any CPU.ActiveCfg = Debug|Any CPU
		{824B2A24-FA56-4281-877F-1D6B921F8F22}.Debug|Any CPU.Build.0 = Debug|Any CPU
		{824B2A24-FA56-4281-877F-1D6B921F8F22}.Release|Any CPU.ActiveCfg = Release|Any CPU
		{824B2A24-FA56-4281-877F-1D6B921F8F22}.Release|Any CPU.Build.0 = Release|Any CPU
		{A8837FA6-E2E5-471A-804D-50C4F7C38D70}.Debug|Any CPU.ActiveCfg = Debug|Any CPU
		{A8837FA6-E2E5-471A-804D-50C4F7C38D70}.Debug|Any CPU.Build.0 = Debug|Any CPU
		{A8837FA6-E2E5-471A-804D-50C4F7C38D70}.Release|Any CPU.ActiveCfg = Release|Any CPU
		{A8837FA6-E2E5-471A-804D-50C4F7C38D70}.Release|Any CPU.Build.0 = Release|Any CPU
		{A5FB8CAC-3102-4968-A6B5-4908FBFCE3A1}.Debug|Any CPU.ActiveCfg = Debug|Any CPU
		{A5FB8CAC-3102-4968-A6B5-4908FBFCE3A1}.Debug|Any CPU.Build.0 = Debug|Any CPU
		{A5FB8CAC-3102-4968-A6B5-4908FBFCE3A1}.Release|Any CPU.ActiveCfg = Release|Any CPU
		{A5FB8CAC-3102-4968-A6B5-4908FBFCE3A1}.Release|Any CPU.Build.0 = Release|Any CPU
		{ED1B98C6-98AE-4F06-8810-A358DC4FAC74}.Debug|Any CPU.ActiveCfg = Debug|Any CPU
		{ED1B98C6-98AE-4F06-8810-A358DC4FAC74}.Debug|Any CPU.Build.0 = Debug|Any CPU
		{ED1B98C6-98AE-4F06-8810-A358DC4FAC74}.Release|Any CPU.ActiveCfg = Release|Any CPU
		{ED1B98C6-98AE-4F06-8810-A358DC4FAC74}.Release|Any CPU.Build.0 = Release|Any CPU
		{A8832831-5A05-42E7-8543-2DE5BB4A17A6}.Debug|Any CPU.ActiveCfg = Debug|Any CPU
		{A8832831-5A05-42E7-8543-2DE5BB4A17A6}.Debug|Any CPU.Build.0 = Debug|Any CPU
		{A8832831-5A05-42E7-8543-2DE5BB4A17A6}.Release|Any CPU.ActiveCfg = Release|Any CPU
		{A8832831-5A05-42E7-8543-2DE5BB4A17A6}.Release|Any CPU.Build.0 = Release|Any CPU
		{D0C630B0-C530-4ED2-82C0-2D4CE0F30426}.Debug|Any CPU.ActiveCfg = Debug|Any CPU
		{D0C630B0-C530-4ED2-82C0-2D4CE0F30426}.Debug|Any CPU.Build.0 = Debug|Any CPU
		{D0C630B0-C530-4ED2-82C0-2D4CE0F30426}.Release|Any CPU.ActiveCfg = Release|Any CPU
		{D0C630B0-C530-4ED2-82C0-2D4CE0F30426}.Release|Any CPU.Build.0 = Release|Any CPU
		{277DA573-F390-4C27-A07E-7432C112C54E}.Debug|Any CPU.ActiveCfg = Debug|Any CPU
		{277DA573-F390-4C27-A07E-7432C112C54E}.Debug|Any CPU.Build.0 = Debug|Any CPU
		{277DA573-F390-4C27-A07E-7432C112C54E}.Release|Any CPU.ActiveCfg = Release|Any CPU
		{277DA573-F390-4C27-A07E-7432C112C54E}.Release|Any CPU.Build.0 = Release|Any CPU
	EndGlobalSection
	GlobalSection(SolutionProperties) = preSolution
		HideSolutionNode = FALSE
	EndGlobalSection
	GlobalSection(ExtensibilityGlobals) = postSolution
		SolutionGuid = {A047F770-24FD-4215-B8F3-01FCA992758A}
	EndGlobalSection
EndGlobal
